
Microsoft Visual Studio Solution File, Format Version 12.00
# Visual Studio Version 17
VisualStudioVersion = 17.2.32526.322
MinimumVisualStudioVersion = 10.0.40219.1
Project("{9A19103F-16F7-4668-BE54-9A1E7A4F7556}") = "ComunicationClientAPP", "ComunicationClientAPP\ComunicationClientAPP.csproj", "{92590D12-5270-4AF1-95D6-534242A59A75}"
EndProject
Global
	GlobalSection(SolutionConfigurationPlatforms) = preSolution
		Debug|Any CPU = Debug|Any CPU
		Release|Any CPU = Release|Any CPU
	EndGlobalSection
	GlobalSection(ProjectConfigurationPlatforms) = postSolution
		{92590D12-5270-4AF1-95D6-534242A59A75}.Debug|Any CPU.ActiveCfg = Debug|Any CPU
		{92590D12-5270-4AF1-95D6-534242A59A75}.Debug|Any CPU.Build.0 = Debug|Any CPU
		{92590D12-5270-4AF1-95D6-534242A59A75}.Release|Any CPU.ActiveCfg = Release|Any CPU
		{92590D12-5270-4AF1-95D6-534242A59A75}.Release|Any CPU.Build.0 = Release|Any CPU
	EndGlobalSection
	GlobalSection(SolutionProperties) = preSolution
		HideSolutionNode = FALSE
	EndGlobalSection
	GlobalSection(ExtensibilityGlobals) = postSolution
		SolutionGuid = {C077DB20-C1C6-4FCB-8092-5A30DC6BE6AE}
	EndGlobalSection
EndGlobal
